// !$*UTF8*$!
{
	archiveVersion = 1;
	classes = {
	};
	objectVersion = 56;
	objects = {

/* Begin PBXBuildFile section */
		D91A59B22C96F07400F194F3 /* AppDelegate.swift in Sources */ = {isa = PBXBuildFile; fileRef = D91A59B12C96F07400F194F3 /* AppDelegate.swift */; };
		D91A59B92C96F07400F194F3 /* Main.storyboard in Resources */ = {isa = PBXBuildFile; fileRef = D91A59B72C96F07400F194F3 /* Main.storyboard */; };
		D91A59BB2C96F07600F194F3 /* Assets.xcassets in Resources */ = {isa = PBXBuildFile; fileRef = D91A59BA2C96F07600F194F3 /* Assets.xcassets */; };
		D91A59BE2C96F07600F194F3 /* LaunchScreen.storyboard in Resources */ = {isa = PBXBuildFile; fileRef = D91A59BC2C96F07600F194F3 /* LaunchScreen.storyboard */; };
		D91A59C92C96F07600F194F3 /* coinceeperTests.swift in Sources */ = {isa = PBXBuildFile; fileRef = D91A59C82C96F07600F194F3 /* coinceeperTests.swift */; };
		D91A59D32C96F07600F194F3 /* coinceeperUITests.swift in Sources */ = {isa = PBXBuildFile; fileRef = D91A59D22C96F07600F194F3 /* coinceeperUITests.swift */; };
		D91A59D52C96F07600F194F3 /* coinceeperUITestsLaunchTests.swift in Sources */ = {isa = PBXBuildFile; fileRef = D91A59D42C96F07600F194F3 /* coinceeperUITestsLaunchTests.swift */; };
		D91A59E32C96FF5600F194F3 /* Storyboarded.swift in Sources */ = {isa = PBXBuildFile; fileRef = D91A59E22C96FF5600F194F3 /* Storyboarded.swift */; };
		D91A59E52C97081400F194F3 /* Coordinator.swift in Sources */ = {isa = PBXBuildFile; fileRef = D91A59E42C97081400F194F3 /* Coordinator.swift */; };
		D91A59E92C9709E700F194F3 /* TabbarViewController.swift in Sources */ = {isa = PBXBuildFile; fileRef = D91A59E82C9709E700F194F3 /* TabbarViewController.swift */; };
		D91A59F02C970B4D00F194F3 /* WalletViewController.swift in Sources */ = {isa = PBXBuildFile; fileRef = D91A59EF2C970B4D00F194F3 /* WalletViewController.swift */; };
		D91A59F22C970B5A00F194F3 /* WalletViewModel.swift in Sources */ = {isa = PBXBuildFile; fileRef = D91A59F12C970B5A00F194F3 /* WalletViewModel.swift */; };
		D91A59F42C970B6500F194F3 /* WalletCoordinator.swift in Sources */ = {isa = PBXBuildFile; fileRef = D91A59F32C970B6500F194F3 /* WalletCoordinator.swift */; };
		D91A59F62C970B8800F194F3 /* SwapViewController.swift in Sources */ = {isa = PBXBuildFile; fileRef = D91A59F52C970B8800F194F3 /* SwapViewController.swift */; };
		D91A59F82C970B9300F194F3 /* SwapViewModel.swift in Sources */ = {isa = PBXBuildFile; fileRef = D91A59F72C970B9300F194F3 /* SwapViewModel.swift */; };
		D91A59FA2C970B9E00F194F3 /* SwapCoordinator.swift in Sources */ = {isa = PBXBuildFile; fileRef = D91A59F92C970B9E00F194F3 /* SwapCoordinator.swift */; };
		D91A59FC2C970BAD00F194F3 /* ScanViewController.swift in Sources */ = {isa = PBXBuildFile; fileRef = D91A59FB2C970BAD00F194F3 /* ScanViewController.swift */; };
		D91A59FE2C970BB700F194F3 /* ScanViewModel.swift in Sources */ = {isa = PBXBuildFile; fileRef = D91A59FD2C970BB700F194F3 /* ScanViewModel.swift */; };
		D91A5A002C970BC400F194F3 /* ScanCoordinator.swift in Sources */ = {isa = PBXBuildFile; fileRef = D91A59FF2C970BC400F194F3 /* ScanCoordinator.swift */; };
		D91A5A022C970BD600F194F3 /* SettingsViewController.swift in Sources */ = {isa = PBXBuildFile; fileRef = D91A5A012C970BD600F194F3 /* SettingsViewController.swift */; };
		D91A5A042C970BE900F194F3 /* SettingsViewModel.swift in Sources */ = {isa = PBXBuildFile; fileRef = D91A5A032C970BE900F194F3 /* SettingsViewModel.swift */; };
		D91A5A062C970BF800F194F3 /* SettingsCoordinator.swift in Sources */ = {isa = PBXBuildFile; fileRef = D91A5A052C970BF800F194F3 /* SettingsCoordinator.swift */; };
		D920339A2D0960D900544FAA /* CustomUITextField.swift in Sources */ = {isa = PBXBuildFile; fileRef = D92033992D0960D900544FAA /* CustomUITextField.swift */; };
		D920339E2D09614300544FAA /* CustomUITextField.xib in Resources */ = {isa = PBXBuildFile; fileRef = D920339D2D09614300544FAA /* CustomUITextField.xib */; };
		D96AF0972D113D02004B3545 /* PassCodeCollectionViewCell.swift in Sources */ = {isa = PBXBuildFile; fileRef = D96AF0952D113D02004B3545 /* PassCodeCollectionViewCell.swift */; };
		D96AF0982D113D02004B3545 /* PassCodeCollectionViewCell.xib in Resources */ = {isa = PBXBuildFile; fileRef = D96AF0962D113D02004B3545 /* PassCodeCollectionViewCell.xib */; };
		D96AF09A2D11461F004B3545 /* PasscodeModel.swift in Sources */ = {isa = PBXBuildFile; fileRef = D96AF0992D11461F004B3545 /* PasscodeModel.swift */; };
		D9B156052D13ED3A002C669D /* PassCodeCircleCollectionViewCell.xib in Resources */ = {isa = PBXBuildFile; fileRef = D9B156042D13ED3A002C669D /* PassCodeCircleCollectionViewCell.xib */; };
		D9B156062D13ED3A002C669D /* PassCodeCircleCollectionViewCell.swift in Sources */ = {isa = PBXBuildFile; fileRef = D9B156032D13ED3A002C669D /* PassCodeCircleCollectionViewCell.swift */; };
		D9B156092D21311E002C669D /* UIColor.swift in Sources */ = {isa = PBXBuildFile; fileRef = D9B156082D21311E002C669D /* UIColor.swift */; };
		D9B202182D04B5BD0086A0EA /* NetworkManager.swift in Sources */ = {isa = PBXBuildFile; fileRef = D9B202172D04B5BD0086A0EA /* NetworkManager.swift */; };
		D9B2021A2D04B6160086A0EA /* NetworkProtocols.swift in Sources */ = {isa = PBXBuildFile; fileRef = D9B202192D04B6160086A0EA /* NetworkProtocols.swift */; };
		D9B202202D04B6680086A0EA /* Alamofire in Frameworks */ = {isa = PBXBuildFile; productRef = D9B2021F2D04B6680086A0EA /* Alamofire */; };
		D9B202222D04B66D0086A0EA /* SnapKit in Frameworks */ = {isa = PBXBuildFile; productRef = D9B202212D04B66D0086A0EA /* SnapKit */; };
		D9B202242D04B6720086A0EA /* Kingfisher in Frameworks */ = {isa = PBXBuildFile; productRef = D9B202232D04B6720086A0EA /* Kingfisher */; };
		D9B202262D04B7F80086A0EA /* Endpoint.swift in Sources */ = {isa = PBXBuildFile; fileRef = D9B202252D04B7F80086A0EA /* Endpoint.swift */; };
		D9B202282D04B8AA0086A0EA /* NetworkConfig.swift in Sources */ = {isa = PBXBuildFile; fileRef = D9B202272D04B8AA0086A0EA /* NetworkConfig.swift */; };
		D9B2022C2D04BB010086A0EA /* CustomExtensions.swift in Sources */ = {isa = PBXBuildFile; fileRef = D9B2022B2D04BB010086A0EA /* CustomExtensions.swift */; };
		D9B202312D04D52A0086A0EA /* SplashCoordinator.swift in Sources */ = {isa = PBXBuildFile; fileRef = D9B2022F2D04D52A0086A0EA /* SplashCoordinator.swift */; };
		D9B202322D04D52A0086A0EA /* OnboardingViewController.swift in Sources */ = {isa = PBXBuildFile; fileRef = D9B2022D2D04D52A0086A0EA /* OnboardingViewController.swift */; };
		D9B202332D04D52A0086A0EA /* SplashViewModel.swift in Sources */ = {isa = PBXBuildFile; fileRef = D9B2022E2D04D52A0086A0EA /* SplashViewModel.swift */; };
		D9B202352D04DB280086A0EA /* StoryboardNames.swift in Sources */ = {isa = PBXBuildFile; fileRef = D9B202342D04DB280086A0EA /* StoryboardNames.swift */; };
		D9B202372D04DB9B0086A0EA /* Onboarding.storyboard in Resources */ = {isa = PBXBuildFile; fileRef = D9B202362D04DB9B0086A0EA /* Onboarding.storyboard */; };
		D9B2023D2D04DDEF0086A0EA /* SplashNetworkService.swift in Sources */ = {isa = PBXBuildFile; fileRef = D9B2023C2D04DDEF0086A0EA /* SplashNetworkService.swift */; };
		D9B2023F2D04DECA0086A0EA /* SplashEndpoints.swift in Sources */ = {isa = PBXBuildFile; fileRef = D9B2023E2D04DECA0086A0EA /* SplashEndpoints.swift */; };
		D9B202412D04DF340086A0EA /* ImportWalletRequestModel.swift in Sources */ = {isa = PBXBuildFile; fileRef = D9B202402D04DF340086A0EA /* ImportWalletRequestModel.swift */; };
		D9B202432D04DFAE0086A0EA /* CreateWalletRequestModel.swift in Sources */ = {isa = PBXBuildFile; fileRef = D9B202422D04DFAE0086A0EA /* CreateWalletRequestModel.swift */; };
		D9B202452D04E2B40086A0EA /* SplashRepository.swift in Sources */ = {isa = PBXBuildFile; fileRef = D9B202442D04E2B40086A0EA /* SplashRepository.swift */; };
		D9B202472D05944C0086A0EA /* WalletResponseModel.swift in Sources */ = {isa = PBXBuildFile; fileRef = D9B202462D05944C0086A0EA /* WalletResponseModel.swift */; };
		D9B202492D05C1F00086A0EA /* NetworkError.swift in Sources */ = {isa = PBXBuildFile; fileRef = D9B202482D05C1F00086A0EA /* NetworkError.swift */; };
		D9B2024B2D05C2530086A0EA /* AnyCodable.swift in Sources */ = {isa = PBXBuildFile; fileRef = D9B2024A2D05C2530086A0EA /* AnyCodable.swift */; };
		D9B2024E2D0899C10086A0EA /* ImportWalletViewController.swift in Sources */ = {isa = PBXBuildFile; fileRef = D9B2024D2D0899C10086A0EA /* ImportWalletViewController.swift */; };
		D9B202502D0899D20086A0EA /* ImportWalletCoordinator.swift in Sources */ = {isa = PBXBuildFile; fileRef = D9B2024F2D0899D20086A0EA /* ImportWalletCoordinator.swift */; };
		D9B202522D089A030086A0EA /* ImportWalletViewModel.swift in Sources */ = {isa = PBXBuildFile; fileRef = D9B202512D089A030086A0EA /* ImportWalletViewModel.swift */; };
		D9B202572D089AF70086A0EA /* CreateWalletViewModel.swift in Sources */ = {isa = PBXBuildFile; fileRef = D9B202562D089AF70086A0EA /* CreateWalletViewModel.swift */; };
		D9B202582D089AF70086A0EA /* CreateWalletViewController.swift in Sources */ = {isa = PBXBuildFile; fileRef = D9B202542D089AF70086A0EA /* CreateWalletViewController.swift */; };
		D9B202592D089AF70086A0EA /* CreateWalletCoordinator.swift in Sources */ = {isa = PBXBuildFile; fileRef = D9B202552D089AF70086A0EA /* CreateWalletCoordinator.swift */; };
		D9B2025B2D089B300086A0EA /* CreateWallet.storyboard in Resources */ = {isa = PBXBuildFile; fileRef = D9B2025A2D089B300086A0EA /* CreateWallet.storyboard */; };
		D9B2025D2D089B500086A0EA /* ImportWallet.storyboard in Resources */ = {isa = PBXBuildFile; fileRef = D9B2025C2D089B500086A0EA /* ImportWallet.storyboard */; };
		D9B202602D089CA40086A0EA /* CustomButton.swift in Sources */ = {isa = PBXBuildFile; fileRef = D9B2025F2D089CA40086A0EA /* CustomButton.swift */; };
		D9D52BE62D0A113F00D9E2D7 /* PassCodeViewController.swift in Sources */ = {isa = PBXBuildFile; fileRef = D9D52BE52D0A113F00D9E2D7 /* PassCodeViewController.swift */; };
		D9D52BE82D0A114E00D9E2D7 /* PassCodeViewModel.swift in Sources */ = {isa = PBXBuildFile; fileRef = D9D52BE72D0A114E00D9E2D7 /* PassCodeViewModel.swift */; };
		D9D52BEA2D0A11A500D9E2D7 /* PassCodeCoordinator.swift in Sources */ = {isa = PBXBuildFile; fileRef = D9D52BE92D0A11A500D9E2D7 /* PassCodeCoordinator.swift */; };
		D9D52BEC2D0A11B100D9E2D7 /* PassCode.storyboard in Resources */ = {isa = PBXBuildFile; fileRef = D9D52BEB2D0A11B100D9E2D7 /* PassCode.storyboard */; };
		D9D52BEE2D0A16FF00D9E2D7 /* CustomCircleView.swift in Sources */ = {isa = PBXBuildFile; fileRef = D9D52BED2D0A16FF00D9E2D7 /* CustomCircleView.swift */; };
		D9D52BF02D0A183600D9E2D7 /* CustomCircleView.xib in Resources */ = {isa = PBXBuildFile; fileRef = D9D52BEF2D0A183600D9E2D7 /* CustomCircleView.xib */; };
/* End PBXBuildFile section */

/* Begin PBXContainerItemProxy section */
		D91A59C52C96F07600F194F3 /* PBXContainerItemProxy */ = {
			isa = PBXContainerItemProxy;
			containerPortal = D91A59A62C96F07400F194F3 /* Project object */;
			proxyType = 1;
			remoteGlobalIDString = D91A59AD2C96F07400F194F3;
			remoteInfo = coinceeper;
		};
		D91A59CF2C96F07600F194F3 /* PBXContainerItemProxy */ = {
			isa = PBXContainerItemProxy;
			containerPortal = D91A59A62C96F07400F194F3 /* Project object */;
			proxyType = 1;
			remoteGlobalIDString = D91A59AD2C96F07400F194F3;
			remoteInfo = coinceeper;
		};
/* End PBXContainerItemProxy section */

/* Begin PBXFileReference section */
		D91A59AE2C96F07400F194F3 /* coinceeper.app */ = {isa = PBXFileReference; explicitFileType = wrapper.application; includeInIndex = 0; path = coinceeper.app; sourceTree = BUILT_PRODUCTS_DIR; };
		D91A59B12C96F07400F194F3 /* AppDelegate.swift */ = {isa = PBXFileReference; lastKnownFileType = sourcecode.swift; path = AppDelegate.swift; sourceTree = "<group>"; };
		D91A59B82C96F07400F194F3 /* Base */ = {isa = PBXFileReference; lastKnownFileType = file.storyboard; name = Base; path = Base.lproj/Main.storyboard; sourceTree = "<group>"; };
		D91A59BA2C96F07600F194F3 /* Assets.xcassets */ = {isa = PBXFileReference; lastKnownFileType = folder.assetcatalog; path = Assets.xcassets; sourceTree = "<group>"; };
		D91A59BD2C96F07600F194F3 /* Base */ = {isa = PBXFileReference; lastKnownFileType = file.storyboard; name = Base; path = Base.lproj/LaunchScreen.storyboard; sourceTree = "<group>"; };
		D91A59BF2C96F07600F194F3 /* Info.plist */ = {isa = PBXFileReference; lastKnownFileType = text.plist.xml; path = Info.plist; sourceTree = "<group>"; };
		D91A59C42C96F07600F194F3 /* coinceeperTests.xctest */ = {isa = PBXFileReference; explicitFileType = wrapper.cfbundle; includeInIndex = 0; path = coinceeperTests.xctest; sourceTree = BUILT_PRODUCTS_DIR; };
		D91A59C82C96F07600F194F3 /* coinceeperTests.swift */ = {isa = PBXFileReference; lastKnownFileType = sourcecode.swift; path = coinceeperTests.swift; sourceTree = "<group>"; };
		D91A59CE2C96F07600F194F3 /* coinceeperUITests.xctest */ = {isa = PBXFileReference; explicitFileType = wrapper.cfbundle; includeInIndex = 0; path = coinceeperUITests.xctest; sourceTree = BUILT_PRODUCTS_DIR; };
		D91A59D22C96F07600F194F3 /* coinceeperUITests.swift */ = {isa = PBXFileReference; lastKnownFileType = sourcecode.swift; path = coinceeperUITests.swift; sourceTree = "<group>"; };
		D91A59D42C96F07600F194F3 /* coinceeperUITestsLaunchTests.swift */ = {isa = PBXFileReference; lastKnownFileType = sourcecode.swift; path = coinceeperUITestsLaunchTests.swift; sourceTree = "<group>"; };
		D91A59E22C96FF5600F194F3 /* Storyboarded.swift */ = {isa = PBXFileReference; lastKnownFileType = sourcecode.swift; path = Storyboarded.swift; sourceTree = "<group>"; };
		D91A59E42C97081400F194F3 /* Coordinator.swift */ = {isa = PBXFileReference; lastKnownFileType = sourcecode.swift; path = Coordinator.swift; sourceTree = "<group>"; };
		D91A59E82C9709E700F194F3 /* TabbarViewController.swift */ = {isa = PBXFileReference; lastKnownFileType = sourcecode.swift; path = TabbarViewController.swift; sourceTree = "<group>"; };
		D91A59EF2C970B4D00F194F3 /* WalletViewController.swift */ = {isa = PBXFileReference; lastKnownFileType = sourcecode.swift; path = WalletViewController.swift; sourceTree = "<group>"; };
		D91A59F12C970B5A00F194F3 /* WalletViewModel.swift */ = {isa = PBXFileReference; lastKnownFileType = sourcecode.swift; path = WalletViewModel.swift; sourceTree = "<group>"; };
		D91A59F32C970B6500F194F3 /* WalletCoordinator.swift */ = {isa = PBXFileReference; lastKnownFileType = sourcecode.swift; path = WalletCoordinator.swift; sourceTree = "<group>"; };
		D91A59F52C970B8800F194F3 /* SwapViewController.swift */ = {isa = PBXFileReference; lastKnownFileType = sourcecode.swift; path = SwapViewController.swift; sourceTree = "<group>"; };
		D91A59F72C970B9300F194F3 /* SwapViewModel.swift */ = {isa = PBXFileReference; lastKnownFileType = sourcecode.swift; path = SwapViewModel.swift; sourceTree = "<group>"; };
		D91A59F92C970B9E00F194F3 /* SwapCoordinator.swift */ = {isa = PBXFileReference; lastKnownFileType = sourcecode.swift; path = SwapCoordinator.swift; sourceTree = "<group>"; };
		D91A59FB2C970BAD00F194F3 /* ScanViewController.swift */ = {isa = PBXFileReference; lastKnownFileType = sourcecode.swift; path = ScanViewController.swift; sourceTree = "<group>"; };
		D91A59FD2C970BB700F194F3 /* ScanViewModel.swift */ = {isa = PBXFileReference; lastKnownFileType = sourcecode.swift; path = ScanViewModel.swift; sourceTree = "<group>"; };
		D91A59FF2C970BC400F194F3 /* ScanCoordinator.swift */ = {isa = PBXFileReference; lastKnownFileType = sourcecode.swift; path = ScanCoordinator.swift; sourceTree = "<group>"; };
		D91A5A012C970BD600F194F3 /* SettingsViewController.swift */ = {isa = PBXFileReference; lastKnownFileType = sourcecode.swift; path = SettingsViewController.swift; sourceTree = "<group>"; };
		D91A5A032C970BE900F194F3 /* SettingsViewModel.swift */ = {isa = PBXFileReference; lastKnownFileType = sourcecode.swift; path = SettingsViewModel.swift; sourceTree = "<group>"; };
		D91A5A052C970BF800F194F3 /* SettingsCoordinator.swift */ = {isa = PBXFileReference; lastKnownFileType = sourcecode.swift; path = SettingsCoordinator.swift; sourceTree = "<group>"; };
		D92033992D0960D900544FAA /* CustomUITextField.swift */ = {isa = PBXFileReference; lastKnownFileType = sourcecode.swift; path = CustomUITextField.swift; sourceTree = "<group>"; };
		D920339D2D09614300544FAA /* CustomUITextField.xib */ = {isa = PBXFileReference; lastKnownFileType = file.xib; path = CustomUITextField.xib; sourceTree = "<group>"; };
		D96AF0952D113D02004B3545 /* PassCodeCollectionViewCell.swift */ = {isa = PBXFileReference; lastKnownFileType = sourcecode.swift; path = PassCodeCollectionViewCell.swift; sourceTree = "<group>"; };
		D96AF0962D113D02004B3545 /* PassCodeCollectionViewCell.xib */ = {isa = PBXFileReference; lastKnownFileType = file.xib; path = PassCodeCollectionViewCell.xib; sourceTree = "<group>"; };
		D96AF0992D11461F004B3545 /* PasscodeModel.swift */ = {isa = PBXFileReference; lastKnownFileType = sourcecode.swift; path = PasscodeModel.swift; sourceTree = "<group>"; };
		D9B156032D13ED3A002C669D /* PassCodeCircleCollectionViewCell.swift */ = {isa = PBXFileReference; lastKnownFileType = sourcecode.swift; path = PassCodeCircleCollectionViewCell.swift; sourceTree = "<group>"; };
		D9B156042D13ED3A002C669D /* PassCodeCircleCollectionViewCell.xib */ = {isa = PBXFileReference; lastKnownFileType = file.xib; path = PassCodeCircleCollectionViewCell.xib; sourceTree = "<group>"; };
		D9B156082D21311E002C669D /* UIColor.swift */ = {isa = PBXFileReference; lastKnownFileType = sourcecode.swift; path = UIColor.swift; sourceTree = "<group>"; };
		D9B202172D04B5BD0086A0EA /* NetworkManager.swift */ = {isa = PBXFileReference; lastKnownFileType = sourcecode.swift; path = NetworkManager.swift; sourceTree = "<group>"; };
		D9B202192D04B6160086A0EA /* NetworkProtocols.swift */ = {isa = PBXFileReference; lastKnownFileType = sourcecode.swift; path = NetworkProtocols.swift; sourceTree = "<group>"; };
		D9B202252D04B7F80086A0EA /* Endpoint.swift */ = {isa = PBXFileReference; lastKnownFileType = sourcecode.swift; path = Endpoint.swift; sourceTree = "<group>"; };
		D9B202272D04B8AA0086A0EA /* NetworkConfig.swift */ = {isa = PBXFileReference; lastKnownFileType = sourcecode.swift; path = NetworkConfig.swift; sourceTree = "<group>"; };
		D9B2022B2D04BB010086A0EA /* CustomExtensions.swift */ = {isa = PBXFileReference; lastKnownFileType = sourcecode.swift; path = CustomExtensions.swift; sourceTree = "<group>"; };
		D9B2022D2D04D52A0086A0EA /* OnboardingViewController.swift */ = {isa = PBXFileReference; lastKnownFileType = sourcecode.swift; path = OnboardingViewController.swift; sourceTree = "<group>"; };
		D9B2022E2D04D52A0086A0EA /* SplashViewModel.swift */ = {isa = PBXFileReference; lastKnownFileType = sourcecode.swift; path = SplashViewModel.swift; sourceTree = "<group>"; };
		D9B2022F2D04D52A0086A0EA /* SplashCoordinator.swift */ = {isa = PBXFileReference; lastKnownFileType = sourcecode.swift; path = SplashCoordinator.swift; sourceTree = "<group>"; };
		D9B202342D04DB280086A0EA /* StoryboardNames.swift */ = {isa = PBXFileReference; lastKnownFileType = sourcecode.swift; path = StoryboardNames.swift; sourceTree = "<group>"; };
		D9B202362D04DB9B0086A0EA /* Onboarding.storyboard */ = {isa = PBXFileReference; lastKnownFileType = file.storyboard; path = Onboarding.storyboard; sourceTree = "<group>"; };
		D9B2023C2D04DDEF0086A0EA /* SplashNetworkService.swift */ = {isa = PBXFileReference; lastKnownFileType = sourcecode.swift; path = SplashNetworkService.swift; sourceTree = "<group>"; };
		D9B2023E2D04DECA0086A0EA /* SplashEndpoints.swift */ = {isa = PBXFileReference; lastKnownFileType = sourcecode.swift; path = SplashEndpoints.swift; sourceTree = "<group>"; };
		D9B202402D04DF340086A0EA /* ImportWalletRequestModel.swift */ = {isa = PBXFileReference; lastKnownFileType = sourcecode.swift; path = ImportWalletRequestModel.swift; sourceTree = "<group>"; };
		D9B202422D04DFAE0086A0EA /* CreateWalletRequestModel.swift */ = {isa = PBXFileReference; lastKnownFileType = sourcecode.swift; path = CreateWalletRequestModel.swift; sourceTree = "<group>"; };
		D9B202442D04E2B40086A0EA /* SplashRepository.swift */ = {isa = PBXFileReference; lastKnownFileType = sourcecode.swift; path = SplashRepository.swift; sourceTree = "<group>"; };
		D9B202462D05944C0086A0EA /* WalletResponseModel.swift */ = {isa = PBXFileReference; lastKnownFileType = sourcecode.swift; path = WalletResponseModel.swift; sourceTree = "<group>"; };
		D9B202482D05C1F00086A0EA /* NetworkError.swift */ = {isa = PBXFileReference; lastKnownFileType = sourcecode.swift; path = NetworkError.swift; sourceTree = "<group>"; };
		D9B2024A2D05C2530086A0EA /* AnyCodable.swift */ = {isa = PBXFileReference; lastKnownFileType = sourcecode.swift; path = AnyCodable.swift; sourceTree = "<group>"; };
		D9B2024D2D0899C10086A0EA /* ImportWalletViewController.swift */ = {isa = PBXFileReference; lastKnownFileType = sourcecode.swift; path = ImportWalletViewController.swift; sourceTree = "<group>"; };
		D9B2024F2D0899D20086A0EA /* ImportWalletCoordinator.swift */ = {isa = PBXFileReference; lastKnownFileType = sourcecode.swift; path = ImportWalletCoordinator.swift; sourceTree = "<group>"; };
		D9B202512D089A030086A0EA /* ImportWalletViewModel.swift */ = {isa = PBXFileReference; lastKnownFileType = sourcecode.swift; path = ImportWalletViewModel.swift; sourceTree = "<group>"; };
		D9B202542D089AF70086A0EA /* CreateWalletViewController.swift */ = {isa = PBXFileReference; lastKnownFileType = sourcecode.swift; path = CreateWalletViewController.swift; sourceTree = "<group>"; };
		D9B202552D089AF70086A0EA /* CreateWalletCoordinator.swift */ = {isa = PBXFileReference; lastKnownFileType = sourcecode.swift; path = CreateWalletCoordinator.swift; sourceTree = "<group>"; };
		D9B202562D089AF70086A0EA /* CreateWalletViewModel.swift */ = {isa = PBXFileReference; lastKnownFileType = sourcecode.swift; path = CreateWalletViewModel.swift; sourceTree = "<group>"; };
		D9B2025A2D089B300086A0EA /* CreateWallet.storyboard */ = {isa = PBXFileReference; lastKnownFileType = file.storyboard; path = CreateWallet.storyboard; sourceTree = "<group>"; };
		D9B2025C2D089B500086A0EA /* ImportWallet.storyboard */ = {isa = PBXFileReference; lastKnownFileType = file.storyboard; path = ImportWallet.storyboard; sourceTree = "<group>"; };
		D9B2025F2D089CA40086A0EA /* CustomButton.swift */ = {isa = PBXFileReference; lastKnownFileType = sourcecode.swift; path = CustomButton.swift; sourceTree = "<group>"; };
		D9D52BE52D0A113F00D9E2D7 /* PassCodeViewController.swift */ = {isa = PBXFileReference; lastKnownFileType = sourcecode.swift; path = PassCodeViewController.swift; sourceTree = "<group>"; };
		D9D52BE72D0A114E00D9E2D7 /* PassCodeViewModel.swift */ = {isa = PBXFileReference; lastKnownFileType = sourcecode.swift; path = PassCodeViewModel.swift; sourceTree = "<group>"; };
		D9D52BE92D0A11A500D9E2D7 /* PassCodeCoordinator.swift */ = {isa = PBXFileReference; lastKnownFileType = sourcecode.swift; path = PassCodeCoordinator.swift; sourceTree = "<group>"; };
		D9D52BEB2D0A11B100D9E2D7 /* PassCode.storyboard */ = {isa = PBXFileReference; lastKnownFileType = file.storyboard; path = PassCode.storyboard; sourceTree = "<group>"; };
		D9D52BED2D0A16FF00D9E2D7 /* CustomCircleView.swift */ = {isa = PBXFileReference; lastKnownFileType = sourcecode.swift; path = CustomCircleView.swift; sourceTree = "<group>"; };
		D9D52BEF2D0A183600D9E2D7 /* CustomCircleView.xib */ = {isa = PBXFileReference; lastKnownFileType = file.xib; path = CustomCircleView.xib; sourceTree = "<group>"; };
/* End PBXFileReference section */

/* Begin PBXFrameworksBuildPhase section */
		D91A59AB2C96F07400F194F3 /* Frameworks */ = {
			isa = PBXFrameworksBuildPhase;
			buildActionMask = 2147483647;
			files = (
				D9B202242D04B6720086A0EA /* Kingfisher in Frameworks */,
				D9B202202D04B6680086A0EA /* Alamofire in Frameworks */,
				D9B202222D04B66D0086A0EA /* SnapKit in Frameworks */,
			);
			runOnlyForDeploymentPostprocessing = 0;
		};
		D91A59C12C96F07600F194F3 /* Frameworks */ = {
			isa = PBXFrameworksBuildPhase;
			buildActionMask = 2147483647;
			files = (
			);
			runOnlyForDeploymentPostprocessing = 0;
		};
		D91A59CB2C96F07600F194F3 /* Frameworks */ = {
			isa = PBXFrameworksBuildPhase;
			buildActionMask = 2147483647;
			files = (
			);
			runOnlyForDeploymentPostprocessing = 0;
		};
/* End PBXFrameworksBuildPhase section */

/* Begin PBXGroup section */
		D91A59A52C96F07400F194F3 = {
			isa = PBXGroup;
			children = (
				D91A59B02C96F07400F194F3 /* coinceeper */,
				D91A59C72C96F07600F194F3 /* coinceeperTests */,
				D91A59D12C96F07600F194F3 /* coinceeperUITests */,
				D9B2021E2D04B6680086A0EA /* Frameworks */,
				D91A59AF2C96F07400F194F3 /* Products */,
			);
			sourceTree = "<group>";
		};
		D91A59AF2C96F07400F194F3 /* Products */ = {
			isa = PBXGroup;
			children = (
				D91A59AE2C96F07400F194F3 /* coinceeper.app */,
				D91A59C42C96F07600F194F3 /* coinceeperTests.xctest */,
				D91A59CE2C96F07600F194F3 /* coinceeperUITests.xctest */,
			);
			name = Products;
			sourceTree = "<group>";
		};
		D91A59B02C96F07400F194F3 /* coinceeper */ = {
			isa = PBXGroup;
			children = (
				D9B2025E2D089C970086A0EA /* CutomViews */,
				D9B202382D04DCA20086A0EA /* NetworkServices */,
				D9B2023B2D04DCBB0086A0EA /* Repositories */,
				D9B2023A2D04DCB20086A0EA /* Models */,
				D9B202392D04DCA90086A0EA /* Endpoints */,
				D9B2022A2D04BADB0086A0EA /* Extensions */,
				D9B202162D04B5840086A0EA /* Network */,
				D91A59EA2C970B0F00F194F3 /* Scenes */,
				D91A59E12C96F41800F194F3 /* Protocols */,
				D91A59B12C96F07400F194F3 /* AppDelegate.swift */,
				D91A59E82C9709E700F194F3 /* TabbarViewController.swift */,
				D9B202342D04DB280086A0EA /* StoryboardNames.swift */,
				D91A59B72C96F07400F194F3 /* Main.storyboard */,
				D91A59BA2C96F07600F194F3 /* Assets.xcassets */,
				D91A59BC2C96F07600F194F3 /* LaunchScreen.storyboard */,
				D91A59BF2C96F07600F194F3 /* Info.plist */,
			);
			path = coinceeper;
			sourceTree = "<group>";
		};
		D91A59C72C96F07600F194F3 /* coinceeperTests */ = {
			isa = PBXGroup;
			children = (
				D91A59C82C96F07600F194F3 /* coinceeperTests.swift */,
			);
			path = coinceeperTests;
			sourceTree = "<group>";
		};
		D91A59D12C96F07600F194F3 /* coinceeperUITests */ = {
			isa = PBXGroup;
			children = (
				D91A59D22C96F07600F194F3 /* coinceeperUITests.swift */,
				D91A59D42C96F07600F194F3 /* coinceeperUITestsLaunchTests.swift */,
			);
			path = coinceeperUITests;
			sourceTree = "<group>";
		};
		D91A59E12C96F41800F194F3 /* Protocols */ = {
			isa = PBXGroup;
			children = (
				D91A59E22C96FF5600F194F3 /* Storyboarded.swift */,
				D91A59E42C97081400F194F3 /* Coordinator.swift */,
			);
			path = Protocols;
			sourceTree = "<group>";
		};
		D91A59EA2C970B0F00F194F3 /* Scenes */ = {
			isa = PBXGroup;
			children = (
				D9D52BE32D0A0E0D00D9E2D7 /* Onboarding */,
				D9B202302D04D52A0086A0EA /* Splash */,
				D91A59EE2C970B3E00F194F3 /* Settings */,
				D91A59ED2C970B3000F194F3 /* Scan */,
				D91A59EC2C970B2700F194F3 /* Swap */,
				D91A59EB2C970B1D00F194F3 /* Wallet */,
			);
			path = Scenes;
			sourceTree = "<group>";
		};
		D91A59EB2C970B1D00F194F3 /* Wallet */ = {
			isa = PBXGroup;
			children = (
				D91A59EF2C970B4D00F194F3 /* WalletViewController.swift */,
				D91A59F12C970B5A00F194F3 /* WalletViewModel.swift */,
				D91A59F32C970B6500F194F3 /* WalletCoordinator.swift */,
			);
			path = Wallet;
			sourceTree = "<group>";
		};
		D91A59EC2C970B2700F194F3 /* Swap */ = {
			isa = PBXGroup;
			children = (
				D91A59F52C970B8800F194F3 /* SwapViewController.swift */,
				D91A59F72C970B9300F194F3 /* SwapViewModel.swift */,
				D91A59F92C970B9E00F194F3 /* SwapCoordinator.swift */,
			);
			path = Swap;
			sourceTree = "<group>";
		};
		D91A59ED2C970B3000F194F3 /* Scan */ = {
			isa = PBXGroup;
			children = (
				D91A59FB2C970BAD00F194F3 /* ScanViewController.swift */,
				D91A59FD2C970BB700F194F3 /* ScanViewModel.swift */,
				D91A59FF2C970BC400F194F3 /* ScanCoordinator.swift */,
			);
			path = Scan;
			sourceTree = "<group>";
		};
		D91A59EE2C970B3E00F194F3 /* Settings */ = {
			isa = PBXGroup;
			children = (
				D91A5A012C970BD600F194F3 /* SettingsViewController.swift */,
				D91A5A032C970BE900F194F3 /* SettingsViewModel.swift */,
				D91A5A052C970BF800F194F3 /* SettingsCoordinator.swift */,
			);
			path = Settings;
			sourceTree = "<group>";
		};
		D96AF08A2D10764F004B3545 /* PassCodeCustomCells */ = {
			isa = PBXGroup;
			children = (
				D9B156022D13ED0A002C669D /* PassCodeCircleCollectionView */,
				D96AF08B2D107678004B3545 /* PassCodeCollectionViewCell */,
			);
			path = PassCodeCustomCells;
			sourceTree = "<group>";
		};
		D96AF08B2D107678004B3545 /* PassCodeCollectionViewCell */ = {
			isa = PBXGroup;
			children = (
				D96AF0952D113D02004B3545 /* PassCodeCollectionViewCell.swift */,
				D96AF0962D113D02004B3545 /* PassCodeCollectionViewCell.xib */,
			);
			path = PassCodeCollectionViewCell;
			sourceTree = "<group>";
		};
		D9B156022D13ED0A002C669D /* PassCodeCircleCollectionView */ = {
			isa = PBXGroup;
			children = (
				D9B156032D13ED3A002C669D /* PassCodeCircleCollectionViewCell.swift */,
				D9B156042D13ED3A002C669D /* PassCodeCircleCollectionViewCell.xib */,
			);
			path = PassCodeCircleCollectionView;
			sourceTree = "<group>";
		};
		D9B202162D04B5840086A0EA /* Network */ = {
			isa = PBXGroup;
			children = (
				D9B202172D04B5BD0086A0EA /* NetworkManager.swift */,
				D9B202192D04B6160086A0EA /* NetworkProtocols.swift */,
				D9B202252D04B7F80086A0EA /* Endpoint.swift */,
				D9B202272D04B8AA0086A0EA /* NetworkConfig.swift */,
				D9B202482D05C1F00086A0EA /* NetworkError.swift */,
			);
			path = Network;
			sourceTree = "<group>";
		};
		D9B2021E2D04B6680086A0EA /* Frameworks */ = {
			isa = PBXGroup;
			children = (
			);
			name = Frameworks;
			sourceTree = "<group>";
		};
		D9B2022A2D04BADB0086A0EA /* Extensions */ = {
			isa = PBXGroup;
			children = (
				D9B2022B2D04BB010086A0EA /* CustomExtensions.swift */,
				D9B156082D21311E002C669D /* UIColor.swift */,
			);
			path = Extensions;
			sourceTree = "<group>";
		};
		D9B202302D04D52A0086A0EA /* Splash */ = {
			isa = PBXGroup;
			children = (
				D9B2022D2D04D52A0086A0EA /* OnboardingViewController.swift */,
				D9B2022E2D04D52A0086A0EA /* SplashViewModel.swift */,
				D9B2022F2D04D52A0086A0EA /* SplashCoordinator.swift */,
				D9B202362D04DB9B0086A0EA /* Onboarding.storyboard */,
			);
			path = Splash;
			sourceTree = "<group>";
		};
		D9B202382D04DCA20086A0EA /* NetworkServices */ = {
			isa = PBXGroup;
			children = (
				D9B2023C2D04DDEF0086A0EA /* SplashNetworkService.swift */,
			);
			path = NetworkServices;
			sourceTree = "<group>";
		};
		D9B202392D04DCA90086A0EA /* Endpoints */ = {
			isa = PBXGroup;
			children = (
				D9B2023E2D04DECA0086A0EA /* SplashEndpoints.swift */,
			);
			path = Endpoints;
			sourceTree = "<group>";
		};
		D9B2023A2D04DCB20086A0EA /* Models */ = {
			isa = PBXGroup;
			children = (
				D9B202402D04DF340086A0EA /* ImportWalletRequestModel.swift */,
				D9B202422D04DFAE0086A0EA /* CreateWalletRequestModel.swift */,
				D9B202462D05944C0086A0EA /* WalletResponseModel.swift */,
				D9B2024A2D05C2530086A0EA /* AnyCodable.swift */,
				D96AF0992D11461F004B3545 /* PasscodeModel.swift */,
			);
			path = Models;
			sourceTree = "<group>";
		};
		D9B2023B2D04DCBB0086A0EA /* Repositories */ = {
			isa = PBXGroup;
			children = (
				D9B202442D04E2B40086A0EA /* SplashRepository.swift */,
			);
			path = Repositories;
			sourceTree = "<group>";
		};
		D9B2024C2D0899860086A0EA /* ImportWallet */ = {
			isa = PBXGroup;
			children = (
				D9B2024D2D0899C10086A0EA /* ImportWalletViewController.swift */,
				D9B2024F2D0899D20086A0EA /* ImportWalletCoordinator.swift */,
				D9B202512D089A030086A0EA /* ImportWalletViewModel.swift */,
				D9B2025C2D089B500086A0EA /* ImportWallet.storyboard */,
			);
			path = ImportWallet;
			sourceTree = "<group>";
		};
		D9B202532D089AE80086A0EA /* CreateWallet */ = {
			isa = PBXGroup;
			children = (
				D9B202542D089AF70086A0EA /* CreateWalletViewController.swift */,
				D9B202562D089AF70086A0EA /* CreateWalletViewModel.swift */,
				D9B202552D089AF70086A0EA /* CreateWalletCoordinator.swift */,
				D9B2025A2D089B300086A0EA /* CreateWallet.storyboard */,
			);
			path = CreateWallet;
			sourceTree = "<group>";
		};
		D9B2025E2D089C970086A0EA /* CutomViews */ = {
			isa = PBXGroup;
			children = (
				D9B2025F2D089CA40086A0EA /* CustomButton.swift */,
				D92033992D0960D900544FAA /* CustomUITextField.swift */,
				D920339D2D09614300544FAA /* CustomUITextField.xib */,
				D9D52BED2D0A16FF00D9E2D7 /* CustomCircleView.swift */,
				D9D52BEF2D0A183600D9E2D7 /* CustomCircleView.xib */,
			);
			path = CutomViews;
			sourceTree = "<group>";
		};
		D9D52BE32D0A0E0D00D9E2D7 /* Onboarding */ = {
			isa = PBXGroup;
			children = (
				D9D52BE42D0A0FF800D9E2D7 /* PassCode */,
				D9B202532D089AE80086A0EA /* CreateWallet */,
				D9B2024C2D0899860086A0EA /* ImportWallet */,
			);
			path = Onboarding;
			sourceTree = "<group>";
		};
		D9D52BE42D0A0FF800D9E2D7 /* PassCode */ = {
			isa = PBXGroup;
			children = (
				D96AF08A2D10764F004B3545 /* PassCodeCustomCells */,
				D9D52BE52D0A113F00D9E2D7 /* PassCodeViewController.swift */,
				D9D52BE72D0A114E00D9E2D7 /* PassCodeViewModel.swift */,
				D9D52BE92D0A11A500D9E2D7 /* PassCodeCoordinator.swift */,
				D9D52BEB2D0A11B100D9E2D7 /* PassCode.storyboard */,
			);
			path = PassCode;
			sourceTree = "<group>";
		};
/* End PBXGroup section */

/* Begin PBXNativeTarget section */
		D91A59AD2C96F07400F194F3 /* coinceeper */ = {
			isa = PBXNativeTarget;
			buildConfigurationList = D91A59D82C96F07600F194F3 /* Build configuration list for PBXNativeTarget "coinceeper" */;
			buildPhases = (
				D91A59AA2C96F07400F194F3 /* Sources */,
				D91A59AB2C96F07400F194F3 /* Frameworks */,
				D91A59AC2C96F07400F194F3 /* Resources */,
			);
			buildRules = (
			);
			dependencies = (
			);
			name = coinceeper;
			productName = coinceeper;
			productReference = D91A59AE2C96F07400F194F3 /* coinceeper.app */;
			productType = "com.apple.product-type.application";
		};
		D91A59C32C96F07600F194F3 /* coinceeperTests */ = {
			isa = PBXNativeTarget;
			buildConfigurationList = D91A59DB2C96F07600F194F3 /* Build configuration list for PBXNativeTarget "coinceeperTests" */;
			buildPhases = (
				D91A59C02C96F07600F194F3 /* Sources */,
				D91A59C12C96F07600F194F3 /* Frameworks */,
				D91A59C22C96F07600F194F3 /* Resources */,
			);
			buildRules = (
			);
			dependencies = (
				D91A59C62C96F07600F194F3 /* PBXTargetDependency */,
			);
			name = coinceeperTests;
			productName = coinceeperTests;
			productReference = D91A59C42C96F07600F194F3 /* coinceeperTests.xctest */;
			productType = "com.apple.product-type.bundle.unit-test";
		};
		D91A59CD2C96F07600F194F3 /* coinceeperUITests */ = {
			isa = PBXNativeTarget;
			buildConfigurationList = D91A59DE2C96F07600F194F3 /* Build configuration list for PBXNativeTarget "coinceeperUITests" */;
			buildPhases = (
				D91A59CA2C96F07600F194F3 /* Sources */,
				D91A59CB2C96F07600F194F3 /* Frameworks */,
				D91A59CC2C96F07600F194F3 /* Resources */,
			);
			buildRules = (
			);
			dependencies = (
				D91A59D02C96F07600F194F3 /* PBXTargetDependency */,
			);
			name = coinceeperUITests;
			productName = coinceeperUITests;
			productReference = D91A59CE2C96F07600F194F3 /* coinceeperUITests.xctest */;
			productType = "com.apple.product-type.bundle.ui-testing";
		};
/* End PBXNativeTarget section */

/* Begin PBXProject section */
		D91A59A62C96F07400F194F3 /* Project object */ = {
			isa = PBXProject;
			attributes = {
				BuildIndependentTargetsInParallel = 1;
				LastSwiftUpdateCheck = 1520;
				LastUpgradeCheck = 1520;
				TargetAttributes = {
					D91A59AD2C96F07400F194F3 = {
						CreatedOnToolsVersion = 15.2;
					};
					D91A59C32C96F07600F194F3 = {
						CreatedOnToolsVersion = 15.2;
						TestTargetID = D91A59AD2C96F07400F194F3;
					};
					D91A59CD2C96F07600F194F3 = {
						CreatedOnToolsVersion = 15.2;
						TestTargetID = D91A59AD2C96F07400F194F3;
					};
				};
			};
			buildConfigurationList = D91A59A92C96F07400F194F3 /* Build configuration list for PBXProject "coinceeper" */;
			compatibilityVersion = "Xcode 14.0";
			developmentRegion = en;
			hasScannedForEncodings = 0;
			knownRegions = (
				en,
				Base,
			);
			mainGroup = D91A59A52C96F07400F194F3;
			packageReferences = (
				D9B2021B2D04B63F0086A0EA /* XCRemoteSwiftPackageReference "Kingfisher" */,
				D9B2021C2D04B6480086A0EA /* XCRemoteSwiftPackageReference "SnapKit" */,
				D9B2021D2D04B6570086A0EA /* XCRemoteSwiftPackageReference "Alamofire" */,
			);
			productRefGroup = D91A59AF2C96F07400F194F3 /* Products */;
			projectDirPath = "";
			projectRoot = "";
			targets = (
				D91A59AD2C96F07400F194F3 /* coinceeper */,
				D91A59C32C96F07600F194F3 /* coinceeperTests */,
				D91A59CD2C96F07600F194F3 /* coinceeperUITests */,
			);
		};
/* End PBXProject section */

/* Begin PBXResourcesBuildPhase section */
		D91A59AC2C96F07400F194F3 /* Resources */ = {
			isa = PBXResourcesBuildPhase;
			buildActionMask = 2147483647;
			files = (
				D91A59BE2C96F07600F194F3 /* LaunchScreen.storyboard in Resources */,
				D91A59BB2C96F07600F194F3 /* Assets.xcassets in Resources */,
				D91A59B92C96F07400F194F3 /* Main.storyboard in Resources */,
				D920339E2D09614300544FAA /* CustomUITextField.xib in Resources */,
				D9D52BF02D0A183600D9E2D7 /* CustomCircleView.xib in Resources */,
				D9D52BEC2D0A11B100D9E2D7 /* PassCode.storyboard in Resources */,
				D96AF0982D113D02004B3545 /* PassCodeCollectionViewCell.xib in Resources */,
				D9B156052D13ED3A002C669D /* PassCodeCircleCollectionViewCell.xib in Resources */,
				D9B202372D04DB9B0086A0EA /* Onboarding.storyboard in Resources */,
				D9B2025D2D089B500086A0EA /* ImportWallet.storyboard in Resources */,
				D9B2025B2D089B300086A0EA /* CreateWallet.storyboard in Resources */,
			);
			runOnlyForDeploymentPostprocessing = 0;
		};
		D91A59C22C96F07600F194F3 /* Resources */ = {
			isa = PBXResourcesBuildPhase;
			buildActionMask = 2147483647;
			files = (
			);
			runOnlyForDeploymentPostprocessing = 0;
		};
		D91A59CC2C96F07600F194F3 /* Resources */ = {
			isa = PBXResourcesBuildPhase;
			buildActionMask = 2147483647;
			files = (
			);
			runOnlyForDeploymentPostprocessing = 0;
		};
/* End PBXResourcesBuildPhase section */

/* Begin PBXSourcesBuildPhase section */
		D91A59AA2C96F07400F194F3 /* Sources */ = {
			isa = PBXSourcesBuildPhase;
			buildActionMask = 2147483647;
			files = (
				D9B2022C2D04BB010086A0EA /* CustomExtensions.swift in Sources */,
				D9B202182D04B5BD0086A0EA /* NetworkManager.swift in Sources */,
				D9B202432D04DFAE0086A0EA /* CreateWalletRequestModel.swift in Sources */,
				D9D52BEE2D0A16FF00D9E2D7 /* CustomCircleView.swift in Sources */,
				D91A59E52C97081400F194F3 /* Coordinator.swift in Sources */,
				D9D52BEA2D0A11A500D9E2D7 /* PassCodeCoordinator.swift in Sources */,
				D920339A2D0960D900544FAA /* CustomUITextField.swift in Sources */,
				D9B202572D089AF70086A0EA /* CreateWalletViewModel.swift in Sources */,
				D96AF0972D113D02004B3545 /* PassCodeCollectionViewCell.swift in Sources */,
				D9B202582D089AF70086A0EA /* CreateWalletViewController.swift in Sources */,
				D9B202592D089AF70086A0EA /* CreateWalletCoordinator.swift in Sources */,
				D9B2023F2D04DECA0086A0EA /* SplashEndpoints.swift in Sources */,
				D9B202352D04DB280086A0EA /* StoryboardNames.swift in Sources */,
				D91A59B22C96F07400F194F3 /* AppDelegate.swift in Sources */,
				D9B202472D05944C0086A0EA /* WalletResponseModel.swift in Sources */,
				D91A59E92C9709E700F194F3 /* TabbarViewController.swift in Sources */,
				D9B202492D05C1F00086A0EA /* NetworkError.swift in Sources */,
				D9B2024E2D0899C10086A0EA /* ImportWalletViewController.swift in Sources */,
				D91A59FC2C970BAD00F194F3 /* ScanViewController.swift in Sources */,
				D9B156092D21311E002C669D /* UIColor.swift in Sources */,
				D9B202412D04DF340086A0EA /* ImportWalletRequestModel.swift in Sources */,
				D91A59F82C970B9300F194F3 /* SwapViewModel.swift in Sources */,
				D91A59F22C970B5A00F194F3 /* WalletViewModel.swift in Sources */,
				D9D52BE62D0A113F00D9E2D7 /* PassCodeViewController.swift in Sources */,
				D9B202602D089CA40086A0EA /* CustomButton.swift in Sources */,
				D91A59FA2C970B9E00F194F3 /* SwapCoordinator.swift in Sources */,
				D9B202332D04D52A0086A0EA /* SplashViewModel.swift in Sources */,
				D9B2024B2D05C2530086A0EA /* AnyCodable.swift in Sources */,
				D91A59FE2C970BB700F194F3 /* ScanViewModel.swift in Sources */,
				D9B202502D0899D20086A0EA /* ImportWalletCoordinator.swift in Sources */,
				D9B202312D04D52A0086A0EA /* SplashCoordinator.swift in Sources */,
				D9B202452D04E2B40086A0EA /* SplashRepository.swift in Sources */,
				D91A5A002C970BC400F194F3 /* ScanCoordinator.swift in Sources */,
				D9B156062D13ED3A002C669D /* PassCodeCircleCollectionViewCell.swift in Sources */,
				D91A5A062C970BF800F194F3 /* SettingsCoordinator.swift in Sources */,
				D91A5A022C970BD600F194F3 /* SettingsViewController.swift in Sources */,
				D9D52BE82D0A114E00D9E2D7 /* PassCodeViewModel.swift in Sources */,
				D91A59E32C96FF5600F194F3 /* Storyboarded.swift in Sources */,
				D96AF09A2D11461F004B3545 /* PasscodeModel.swift in Sources */,
				D9B202282D04B8AA0086A0EA /* NetworkConfig.swift in Sources */,
				D9B202262D04B7F80086A0EA /* Endpoint.swift in Sources */,
				D91A59F62C970B8800F194F3 /* SwapViewController.swift in Sources */,
				D9B2021A2D04B6160086A0EA /* NetworkProtocols.swift in Sources */,
				D91A59F02C970B4D00F194F3 /* WalletViewController.swift in Sources */,
				D91A5A042C970BE900F194F3 /* SettingsViewModel.swift in Sources */,
				D91A59F42C970B6500F194F3 /* WalletCoordinator.swift in Sources */,
				D9B202322D04D52A0086A0EA /* OnboardingViewController.swift in Sources */,
				D9B202522D089A030086A0EA /* ImportWalletViewModel.swift in Sources */,
				D9B2023D2D04DDEF0086A0EA /* SplashNetworkService.swift in Sources */,
			);
			runOnlyForDeploymentPostprocessing = 0;
		};
		D91A59C02C96F07600F194F3 /* Sources */ = {
			isa = PBXSourcesBuildPhase;
			buildActionMask = 2147483647;
			files = (
				D91A59C92C96F07600F194F3 /* coinceeperTests.swift in Sources */,
			);
			runOnlyForDeploymentPostprocessing = 0;
		};
		D91A59CA2C96F07600F194F3 /* Sources */ = {
			isa = PBXSourcesBuildPhase;
			buildActionMask = 2147483647;
			files = (
				D91A59D32C96F07600F194F3 /* coinceeperUITests.swift in Sources */,
				D91A59D52C96F07600F194F3 /* coinceeperUITestsLaunchTests.swift in Sources */,
			);
			runOnlyForDeploymentPostprocessing = 0;
		};
/* End PBXSourcesBuildPhase section */

/* Begin PBXTargetDependency section */
		D91A59C62C96F07600F194F3 /* PBXTargetDependency */ = {
			isa = PBXTargetDependency;
			target = D91A59AD2C96F07400F194F3 /* coinceeper */;
			targetProxy = D91A59C52C96F07600F194F3 /* PBXContainerItemProxy */;
		};
		D91A59D02C96F07600F194F3 /* PBXTargetDependency */ = {
			isa = PBXTargetDependency;
			target = D91A59AD2C96F07400F194F3 /* coinceeper */;
			targetProxy = D91A59CF2C96F07600F194F3 /* PBXContainerItemProxy */;
		};
/* End PBXTargetDependency section */

/* Begin PBXVariantGroup section */
		D91A59B72C96F07400F194F3 /* Main.storyboard */ = {
			isa = PBXVariantGroup;
			children = (
				D91A59B82C96F07400F194F3 /* Base */,
			);
			name = Main.storyboard;
			sourceTree = "<group>";
		};
		D91A59BC2C96F07600F194F3 /* LaunchScreen.storyboard */ = {
			isa = PBXVariantGroup;
			children = (
				D91A59BD2C96F07600F194F3 /* Base */,
			);
			name = LaunchScreen.storyboard;
			sourceTree = "<group>";
		};
/* End PBXVariantGroup section */

/* Begin XCBuildConfiguration section */
		D91A59D62C96F07600F194F3 /* Debug */ = {
			isa = XCBuildConfiguration;
			buildSettings = {
				ALWAYS_SEARCH_USER_PATHS = NO;
				ASSETCATALOG_COMPILER_GENERATE_SWIFT_ASSET_SYMBOL_EXTENSIONS = YES;
				CLANG_ANALYZER_NONNULL = YES;
				CLANG_ANALYZER_NUMBER_OBJECT_CONVERSION = YES_AGGRESSIVE;
				CLANG_CXX_LANGUAGE_STANDARD = "gnu++20";
				CLANG_ENABLE_MODULES = YES;
				CLANG_ENABLE_OBJC_ARC = YES;
				CLANG_ENABLE_OBJC_WEAK = YES;
				CLANG_WARN_BLOCK_CAPTURE_AUTORELEASING = YES;
				CLANG_WARN_BOOL_CONVERSION = YES;
				CLANG_WARN_COMMA = YES;
				CLANG_WARN_CONSTANT_CONVERSION = YES;
				CLANG_WARN_DEPRECATED_OBJC_IMPLEMENTATIONS = YES;
				CLANG_WARN_DIRECT_OBJC_ISA_USAGE = YES_ERROR;
				CLANG_WARN_DOCUMENTATION_COMMENTS = YES;
				CLANG_WARN_EMPTY_BODY = YES;
				CLANG_WARN_ENUM_CONVERSION = YES;
				CLANG_WARN_INFINITE_RECURSION = YES;
				CLANG_WARN_INT_CONVERSION = YES;
				CLANG_WARN_NON_LITERAL_NULL_CONVERSION = YES;
				CLANG_WARN_OBJC_IMPLICIT_RETAIN_SELF = YES;
				CLANG_WARN_OBJC_LITERAL_CONVERSION = YES;
				CLANG_WARN_OBJC_ROOT_CLASS = YES_ERROR;
				CLANG_WARN_QUOTED_INCLUDE_IN_FRAMEWORK_HEADER = YES;
				CLANG_WARN_RANGE_LOOP_ANALYSIS = YES;
				CLANG_WARN_STRICT_PROTOTYPES = YES;
				CLANG_WARN_SUSPICIOUS_MOVE = YES;
				CLANG_WARN_UNGUARDED_AVAILABILITY = YES_AGGRESSIVE;
				CLANG_WARN_UNREACHABLE_CODE = YES;
				CLANG_WARN__DUPLICATE_METHOD_MATCH = YES;
				COPY_PHASE_STRIP = NO;
				DEBUG_INFORMATION_FORMAT = dwarf;
				ENABLE_STRICT_OBJC_MSGSEND = YES;
				ENABLE_TESTABILITY = YES;
				ENABLE_USER_SCRIPT_SANDBOXING = YES;
				GCC_C_LANGUAGE_STANDARD = gnu17;
				GCC_DYNAMIC_NO_PIC = NO;
				GCC_NO_COMMON_BLOCKS = YES;
				GCC_OPTIMIZATION_LEVEL = 0;
				GCC_PREPROCESSOR_DEFINITIONS = (
					"DEBUG=1",
					"$(inherited)",
				);
				GCC_WARN_64_TO_32_BIT_CONVERSION = YES;
				GCC_WARN_ABOUT_RETURN_TYPE = YES_ERROR;
				GCC_WARN_UNDECLARED_SELECTOR = YES;
				GCC_WARN_UNINITIALIZED_AUTOS = YES_AGGRESSIVE;
				GCC_WARN_UNUSED_FUNCTION = YES;
				GCC_WARN_UNUSED_VARIABLE = YES;
				IPHONEOS_DEPLOYMENT_TARGET = 17.2;
				LOCALIZATION_PREFERS_STRING_CATALOGS = YES;
				MTL_ENABLE_DEBUG_INFO = INCLUDE_SOURCE;
				MTL_FAST_MATH = YES;
				ONLY_ACTIVE_ARCH = YES;
				SDKROOT = iphoneos;
				SWIFT_ACTIVE_COMPILATION_CONDITIONS = "DEBUG $(inherited)";
				SWIFT_OPTIMIZATION_LEVEL = "-Onone";
			};
			name = Debug;
		};
		D91A59D72C96F07600F194F3 /* Release */ = {
			isa = XCBuildConfiguration;
			buildSettings = {
				ALWAYS_SEARCH_USER_PATHS = NO;
				ASSETCATALOG_COMPILER_GENERATE_SWIFT_ASSET_SYMBOL_EXTENSIONS = YES;
				CLANG_ANALYZER_NONNULL = YES;
				CLANG_ANALYZER_NUMBER_OBJECT_CONVERSION = YES_AGGRESSIVE;
				CLANG_CXX_LANGUAGE_STANDARD = "gnu++20";
				CLANG_ENABLE_MODULES = YES;
				CLANG_ENABLE_OBJC_ARC = YES;
				CLANG_ENABLE_OBJC_WEAK = YES;
				CLANG_WARN_BLOCK_CAPTURE_AUTORELEASING = YES;
				CLANG_WARN_BOOL_CONVERSION = YES;
				CLANG_WARN_COMMA = YES;
				CLANG_WARN_CONSTANT_CONVERSION = YES;
				CLANG_WARN_DEPRECATED_OBJC_IMPLEMENTATIONS = YES;
				CLANG_WARN_DIRECT_OBJC_ISA_USAGE = YES_ERROR;
				CLANG_WARN_DOCUMENTATION_COMMENTS = YES;
				CLANG_WARN_EMPTY_BODY = YES;
				CLANG_WARN_ENUM_CONVERSION = YES;
				CLANG_WARN_INFINITE_RECURSION = YES;
				CLANG_WARN_INT_CONVERSION = YES;
				CLANG_WARN_NON_LITERAL_NULL_CONVERSION = YES;
				CLANG_WARN_OBJC_IMPLICIT_RETAIN_SELF = YES;
				CLANG_WARN_OBJC_LITERAL_CONVERSION = YES;
				CLANG_WARN_OBJC_ROOT_CLASS = YES_ERROR;
				CLANG_WARN_QUOTED_INCLUDE_IN_FRAMEWORK_HEADER = YES;
				CLANG_WARN_RANGE_LOOP_ANALYSIS = YES;
				CLANG_WARN_STRICT_PROTOTYPES = YES;
				CLANG_WARN_SUSPICIOUS_MOVE = YES;
				CLANG_WARN_UNGUARDED_AVAILABILITY = YES_AGGRESSIVE;
				CLANG_WARN_UNREACHABLE_CODE = YES;
				CLANG_WARN__DUPLICATE_METHOD_MATCH = YES;
				COPY_PHASE_STRIP = NO;
				DEBUG_INFORMATION_FORMAT = "dwarf-with-dsym";
				ENABLE_NS_ASSERTIONS = NO;
				ENABLE_STRICT_OBJC_MSGSEND = YES;
				ENABLE_USER_SCRIPT_SANDBOXING = YES;
				GCC_C_LANGUAGE_STANDARD = gnu17;
				GCC_NO_COMMON_BLOCKS = YES;
				GCC_WARN_64_TO_32_BIT_CONVERSION = YES;
				GCC_WARN_ABOUT_RETURN_TYPE = YES_ERROR;
				GCC_WARN_UNDECLARED_SELECTOR = YES;
				GCC_WARN_UNINITIALIZED_AUTOS = YES_AGGRESSIVE;
				GCC_WARN_UNUSED_FUNCTION = YES;
				GCC_WARN_UNUSED_VARIABLE = YES;
				IPHONEOS_DEPLOYMENT_TARGET = 17.2;
				LOCALIZATION_PREFERS_STRING_CATALOGS = YES;
				MTL_ENABLE_DEBUG_INFO = NO;
				MTL_FAST_MATH = YES;
				SDKROOT = iphoneos;
				SWIFT_COMPILATION_MODE = wholemodule;
				VALIDATE_PRODUCT = YES;
			};
			name = Release;
		};
		D91A59D92C96F07600F194F3 /* Debug */ = {
			isa = XCBuildConfiguration;
			buildSettings = {
				ASSETCATALOG_COMPILER_APPICON_NAME = AppIcon;
				ASSETCATALOG_COMPILER_GLOBAL_ACCENT_COLOR_NAME = AccentColor;
				CODE_SIGN_STYLE = Automatic;
				CURRENT_PROJECT_VERSION = 1;
				DEVELOPMENT_TEAM = K4CHZT3Z5F;
				GENERATE_INFOPLIST_FILE = YES;
				INFOPLIST_FILE = coinceeper/Info.plist;
				INFOPLIST_KEY_UIApplicationSupportsIndirectInputEvents = YES;
				INFOPLIST_KEY_UILaunchStoryboardName = LaunchScreen;
				INFOPLIST_KEY_UIMainStoryboardFile = Onboarding;
				INFOPLIST_KEY_UISupportedInterfaceOrientations_iPad = "UIInterfaceOrientationPortrait UIInterfaceOrientationPortraitUpsideDown UIInterfaceOrientationLandscapeLeft UIInterfaceOrientationLandscapeRight";
				INFOPLIST_KEY_UISupportedInterfaceOrientations_iPhone = "UIInterfaceOrientationPortrait UIInterfaceOrientationLandscapeLeft UIInterfaceOrientationLandscapeRight";
				LD_RUNPATH_SEARCH_PATHS = (
					"$(inherited)",
					"@executable_path/Frameworks",
				);
				MARKETING_VERSION = 1.0;
				PRODUCT_BUNDLE_IDENTIFIER = yasindalkilic.coinceeper;
				PRODUCT_NAME = "$(TARGET_NAME)";
				SWIFT_EMIT_LOC_STRINGS = YES;
				SWIFT_VERSION = 5.0;
				TARGETED_DEVICE_FAMILY = "1,2";
			};
			name = Debug;
		};
		D91A59DA2C96F07600F194F3 /* Release */ = {
			isa = XCBuildConfiguration;
			buildSettings = {
				ASSETCATALOG_COMPILER_APPICON_NAME = AppIcon;
				ASSETCATALOG_COMPILER_GLOBAL_ACCENT_COLOR_NAME = AccentColor;
				CODE_SIGN_STYLE = Automatic;
				CURRENT_PROJECT_VERSION = 1;
				DEVELOPMENT_TEAM = K4CHZT3Z5F;
				GENERATE_INFOPLIST_FILE = YES;
				INFOPLIST_FILE = coinceeper/Info.plist;
				INFOPLIST_KEY_UIApplicationSupportsIndirectInputEvents = YES;
				INFOPLIST_KEY_UILaunchStoryboardName = LaunchScreen;
				INFOPLIST_KEY_UIMainStoryboardFile = Onboarding;
				INFOPLIST_KEY_UISupportedInterfaceOrientations_iPad = "UIInterfaceOrientationPortrait UIInterfaceOrientationPortraitUpsideDown UIInterfaceOrientationLandscapeLeft UIInterfaceOrientationLandscapeRight";
				INFOPLIST_KEY_UISupportedInterfaceOrientations_iPhone = "UIInterfaceOrientationPortrait UIInterfaceOrientationLandscapeLeft UIInterfaceOrientationLandscapeRight";
				LD_RUNPATH_SEARCH_PATHS = (
					"$(inherited)",
					"@executable_path/Frameworks",
				);
				MARKETING_VERSION = 1.0;
				PRODUCT_BUNDLE_IDENTIFIER = yasindalkilic.coinceeper;
				PRODUCT_NAME = "$(TARGET_NAME)";
				SWIFT_EMIT_LOC_STRINGS = YES;
				SWIFT_VERSION = 5.0;
				TARGETED_DEVICE_FAMILY = "1,2";
			};
			name = Release;
		};
		D91A59DC2C96F07600F194F3 /* Debug */ = {
			isa = XCBuildConfiguration;
			buildSettings = {
				ALWAYS_EMBED_SWIFT_STANDARD_LIBRARIES = YES;
				BUNDLE_LOADER = "$(TEST_HOST)";
				CODE_SIGN_STYLE = Automatic;
				CURRENT_PROJECT_VERSION = 1;
				DEVELOPMENT_TEAM = K4CHZT3Z5F;
				GENERATE_INFOPLIST_FILE = YES;
				IPHONEOS_DEPLOYMENT_TARGET = 17.2;
				MARKETING_VERSION = 1.0;
				PRODUCT_BUNDLE_IDENTIFIER = yasindalkilic.coinceeperTests;
				PRODUCT_NAME = "$(TARGET_NAME)";
				SWIFT_EMIT_LOC_STRINGS = NO;
				SWIFT_VERSION = 5.0;
				TARGETED_DEVICE_FAMILY = "1,2";
				TEST_HOST = "$(BUILT_PRODUCTS_DIR)/coinceeper.app/$(BUNDLE_EXECUTABLE_FOLDER_PATH)/coinceeper";
			};
			name = Debug;
		};
		D91A59DD2C96F07600F194F3 /* Release */ = {
			isa = XCBuildConfiguration;
			buildSettings = {
				ALWAYS_EMBED_SWIFT_STANDARD_LIBRARIES = YES;
				BUNDLE_LOADER = "$(TEST_HOST)";
				CODE_SIGN_STYLE = Automatic;
				CURRENT_PROJECT_VERSION = 1;
				DEVELOPMENT_TEAM = K4CHZT3Z5F;
				GENERATE_INFOPLIST_FILE = YES;
				IPHONEOS_DEPLOYMENT_TARGET = 17.2;
				MARKETING_VERSION = 1.0;
				PRODUCT_BUNDLE_IDENTIFIER = yasindalkilic.coinceeperTests;
				PRODUCT_NAME = "$(TARGET_NAME)";
				SWIFT_EMIT_LOC_STRINGS = NO;
				SWIFT_VERSION = 5.0;
				TARGETED_DEVICE_FAMILY = "1,2";
				TEST_HOST = "$(BUILT_PRODUCTS_DIR)/coinceeper.app/$(BUNDLE_EXECUTABLE_FOLDER_PATH)/coinceeper";
			};
			name = Release;
		};
		D91A59DF2C96F07600F194F3 /* Debug */ = {
			isa = XCBuildConfiguration;
			buildSettings = {
				ALWAYS_EMBED_SWIFT_STANDARD_LIBRARIES = YES;
				CODE_SIGN_STYLE = Automatic;
				CURRENT_PROJECT_VERSION = 1;
				DEVELOPMENT_TEAM = K4CHZT3Z5F;
				GENERATE_INFOPLIST_FILE = YES;
				MARKETING_VERSION = 1.0;
				PRODUCT_BUNDLE_IDENTIFIER = yasindalkilic.coinceeperUITests;
				PRODUCT_NAME = "$(TARGET_NAME)";
				SWIFT_EMIT_LOC_STRINGS = NO;
				SWIFT_VERSION = 5.0;
				TARGETED_DEVICE_FAMILY = "1,2";
				TEST_TARGET_NAME = coinceeper;
			};
			name = Debug;
		};
		D91A59E02C96F07600F194F3 /* Release */ = {
			isa = XCBuildConfiguration;
			buildSettings = {
				ALWAYS_EMBED_SWIFT_STANDARD_LIBRARIES = YES;
				CODE_SIGN_STYLE = Automatic;
				CURRENT_PROJECT_VERSION = 1;
				DEVELOPMENT_TEAM = K4CHZT3Z5F;
				GENERATE_INFOPLIST_FILE = YES;
				MARKETING_VERSION = 1.0;
				PRODUCT_BUNDLE_IDENTIFIER = yasindalkilic.coinceeperUITests;
				PRODUCT_NAME = "$(TARGET_NAME)";
				SWIFT_EMIT_LOC_STRINGS = NO;
				SWIFT_VERSION = 5.0;
				TARGETED_DEVICE_FAMILY = "1,2";
				TEST_TARGET_NAME = coinceeper;
			};
			name = Release;
		};
/* End XCBuildConfiguration section */

/* Begin XCConfigurationList section */
		D91A59A92C96F07400F194F3 /* Build configuration list for PBXProject "coinceeper" */ = {
			isa = XCConfigurationList;
			buildConfigurations = (
				D91A59D62C96F07600F194F3 /* Debug */,
				D91A59D72C96F07600F194F3 /* Release */,
			);
			defaultConfigurationIsVisible = 0;
			defaultConfigurationName = Release;
		};
		D91A59D82C96F07600F194F3 /* Build configuration list for PBXNativeTarget "coinceeper" */ = {
			isa = XCConfigurationList;
			buildConfigurations = (
				D91A59D92C96F07600F194F3 /* Debug */,
				D91A59DA2C96F07600F194F3 /* Release */,
			);
			defaultConfigurationIsVisible = 0;
			defaultConfigurationName = Release;
		};
		D91A59DB2C96F07600F194F3 /* Build configuration list for PBXNativeTarget "coinceeperTests" */ = {
			isa = XCConfigurationList;
			buildConfigurations = (
				D91A59DC2C96F07600F194F3 /* Debug */,
				D91A59DD2C96F07600F194F3 /* Release */,
			);
			defaultConfigurationIsVisible = 0;
			defaultConfigurationName = Release;
		};
		D91A59DE2C96F07600F194F3 /* Build configuration list for PBXNativeTarget "coinceeperUITests" */ = {
			isa = XCConfigurationList;
			buildConfigurations = (
				D91A59DF2C96F07600F194F3 /* Debug */,
				D91A59E02C96F07600F194F3 /* Release */,
			);
			defaultConfigurationIsVisible = 0;
			defaultConfigurationName = Release;
		};
/* End XCConfigurationList section */

/* Begin XCRemoteSwiftPackageReference section */
		D9B2021B2D04B63F0086A0EA /* XCRemoteSwiftPackageReference "Kingfisher" */ = {
			isa = XCRemoteSwiftPackageReference;
			repositoryURL = "https://github.com/onevcat/Kingfisher.git";
			requirement = {
				kind = upToNextMajorVersion;
				minimumVersion = 8.1.2;
			};
		};
		D9B2021C2D04B6480086A0EA /* XCRemoteSwiftPackageReference "SnapKit" */ = {
			isa = XCRemoteSwiftPackageReference;
			repositoryURL = "https://github.com/SnapKit/SnapKit.git";
			requirement = {
				kind = upToNextMajorVersion;
				minimumVersion = 5.7.1;
			};
		};
		D9B2021D2D04B6570086A0EA /* XCRemoteSwiftPackageReference "Alamofire" */ = {
			isa = XCRemoteSwiftPackageReference;
			repositoryURL = "https://github.com/Alamofire/Alamofire.git";
			requirement = {
				kind = upToNextMajorVersion;
				minimumVersion = 5.10.2;
			};
		};
/* End XCRemoteSwiftPackageReference section */

/* Begin XCSwiftPackageProductDependency section */
		D9B2021F2D04B6680086A0EA /* Alamofire */ = {
			isa = XCSwiftPackageProductDependency;
			package = D9B2021D2D04B6570086A0EA /* XCRemoteSwiftPackageReference "Alamofire" */;
			productName = Alamofire;
		};
		D9B202212D04B66D0086A0EA /* SnapKit */ = {
			isa = XCSwiftPackageProductDependency;
			package = D9B2021C2D04B6480086A0EA /* XCRemoteSwiftPackageReference "SnapKit" */;
			productName = SnapKit;
		};
		D9B202232D04B6720086A0EA /* Kingfisher */ = {
			isa = XCSwiftPackageProductDependency;
			package = D9B2021B2D04B63F0086A0EA /* XCRemoteSwiftPackageReference "Kingfisher" */;
			productName = Kingfisher;
		};
/* End XCSwiftPackageProductDependency section */
	};
	rootObject = D91A59A62C96F07400F194F3 /* Project object */;
}
